
Microsoft Visual Studio Solution File, Format Version 12.00
# Visual Studio Version 16
VisualStudioVersion = 16.0.31229.75
MinimumVisualStudioVersion = 10.0.40219.1
Project("{FAE04EC0-301F-11D3-BF4B-00C04F79EFBC}") = "PatientLoader", "PatientLoader.csproj", "{A25F8245-F1AA-4C71-87C0-60BB7719C6C5}"
EndProject
Global
	GlobalSection(SolutionConfigurationPlatforms) = preSolution
		Debug|Any CPU = Debug|Any CPU
		Release|Any CPU = Release|Any CPU
	EndGlobalSection
	GlobalSection(ProjectConfigurationPlatforms) = postSolution
		{A25F8245-F1AA-4C71-87C0-60BB7719C6C5}.Debug|Any CPU.ActiveCfg = Debug|Any CPU
		{A25F8245-F1AA-4C71-87C0-60BB7719C6C5}.Debug|Any CPU.Build.0 = Debug|Any CPU
		{A25F8245-F1AA-4C71-87C0-60BB7719C6C5}.Release|Any CPU.ActiveCfg = Release|Any CPU
		{A25F8245-F1AA-4C71-87C0-60BB7719C6C5}.Release|Any CPU.Build.0 = Release|Any CPU
	EndGlobalSection
	GlobalSection(SolutionProperties) = preSolution
		HideSolutionNode = FALSE
	EndGlobalSection
	GlobalSection(ExtensibilityGlobals) = postSolution
		SolutionGuid = {9FFC243A-1175-459C-B9D8-16A2651FAA7F}
	EndGlobalSection
EndGlobal
