
Microsoft Visual Studio Solution File, Format Version 12.00
# Visual Studio Version 17
VisualStudioVersion = 17.2.32526.322
MinimumVisualStudioVersion = 10.0.40219.1
Project("{FAE04EC0-301F-11D3-BF4B-00C04F79EFBC}") = "PatientLoader4", "PatientLoader4.csproj", "{AA6EC099-2580-4C81-B69E-B036876DEB4D}"
EndProject
Project("{2150E333-8FDC-42A3-9474-1A3956D46DE8}") = "Solution Items", "Solution Items", "{C25E2CF7-222B-489F-87A3-1ABD00F64208}"
	ProjectSection(SolutionItems) = preProject
		..\public-api.json = ..\public-api.json
		..\Readme.md = ..\Readme.md
	EndProjectSection
EndProject
Global
	GlobalSection(SolutionConfigurationPlatforms) = preSolution
		Debug|Any CPU = Debug|Any CPU
		Release|Any CPU = Release|Any CPU
	EndGlobalSection
	GlobalSection(ProjectConfigurationPlatforms) = postSolution
		{AA6EC099-2580-4C81-B69E-B036876DEB4D}.Debug|Any CPU.ActiveCfg = Debug|Any CPU
		{AA6EC099-2580-4C81-B69E-B036876DEB4D}.Debug|Any CPU.Build.0 = Debug|Any CPU
		{AA6EC099-2580-4C81-B69E-B036876DEB4D}.Release|Any CPU.ActiveCfg = Release|Any CPU
		{AA6EC099-2580-4C81-B69E-B036876DEB4D}.Release|Any CPU.Build.0 = Release|Any CPU
	EndGlobalSection
	GlobalSection(SolutionProperties) = preSolution
		HideSolutionNode = FALSE
	EndGlobalSection
	GlobalSection(ExtensibilityGlobals) = postSolution
		SolutionGuid = {0D76E0FA-ED94-4E75-8642-29EB99FF34DF}
	EndGlobalSection
EndGlobal
