
Microsoft Visual Studio Solution File, Format Version 12.00
# Visual Studio Version 16
VisualStudioVersion = 16.0.31229.75
MinimumVisualStudioVersion = 10.0.40219.1
Project("{FAE04EC0-301F-11D3-BF4B-00C04F79EFBC}") = "PatientLoader4", "PatientLoader4.csproj", "{AA6EC099-2580-4C81-B69E-B036876DEB4D}"
EndProject
Global
	GlobalSection(SolutionConfigurationPlatforms) = preSolution
		Debug|Any CPU = Debug|Any CPU
		Release|Any CPU = Release|Any CPU
	EndGlobalSection
	GlobalSection(ProjectConfigurationPlatforms) = postSolution
		{AA6EC099-2580-4C81-B69E-B036876DEB4D}.Debug|Any CPU.ActiveCfg = Debug|Any CPU
		{AA6EC099-2580-4C81-B69E-B036876DEB4D}.Debug|Any CPU.Build.0 = Debug|Any CPU
		{AA6EC099-2580-4C81-B69E-B036876DEB4D}.Release|Any CPU.ActiveCfg = Release|Any CPU
		{AA6EC099-2580-4C81-B69E-B036876DEB4D}.Release|Any CPU.Build.0 = Release|Any CPU
	EndGlobalSection
	GlobalSection(SolutionProperties) = preSolution
		HideSolutionNode = FALSE
	EndGlobalSection
	GlobalSection(ExtensibilityGlobals) = postSolution
		SolutionGuid = {0D76E0FA-ED94-4E75-8642-29EB99FF34DF}
	EndGlobalSection
EndGlobal
